<Solution>
  <Folder Name="/src/">
    <Project Path="src/BunDotNet.Cli/BunDotNet.Cli.csproj" />
    <Project Path="src/BunDotNet/BunDotNet.csproj" />
  </Folder>
  <Folder Name="/test/">
    <Project Path="test/BunDotNet.Tests/BunDotNet.Tests.csproj" />
    <Project Path="test/BunDotNet.Tests.EndToEnd/BunDotNet.Tests.EndToEnd.csproj" />
  </Folder>
</Solution>
